
Microsoft Visual Studio Solution File, Format Version 12.00
# Visual Studio Version 17
VisualStudioVersion = 17.0.31903.59
MinimumVisualStudioVersion = 10.0.40219.1
Project("{2150E333-8FDC-42A3-9474-1A3956D46DE8}") = "src", "src", "{827E0CD3-B72D-47B6-A68D-7590B98EB39B}"
EndProject
Project("{FAE04EC0-301F-11D3-BF4B-00C04F79EFBC}") = "Api", "src\Api\Api.csproj", "{02053B2E-BD2B-4EB5-89CD-FD0C8905D3C0}"
EndProject
Project("{FAE04EC0-301F-11D3-BF4B-00C04F79EFBC}") = "Application", "src\Application\Application.csproj", "{60A4D6E8-6CCE-4E24-BD8E-CC52AA1BF3D7}"
EndProject
Project("{FAE04EC0-301F-11D3-BF4B-00C04F79EFBC}") = "Domain", "src\Domain\Domain.csproj", "{1ACA4FBF-D357-47CC-B3EC-E890A5243809}"
EndProject
Project("{FAE04EC0-301F-11D3-BF4B-00C04F79EFBC}") = "Infrastructure", "src\Infrastructure\Infrastructure.csproj", "{84B779AB-9782-4D93-B4FB-7EB47E44BC66}"
EndProject
Global
	GlobalSection(SolutionConfigurationPlatforms) = preSolution
		Debug|Any CPU = Debug|Any CPU
		Debug|x64 = Debug|x64
		Debug|x86 = Debug|x86
		Release|Any CPU = Release|Any CPU
		Release|x64 = Release|x64
		Release|x86 = Release|x86
	EndGlobalSection
	GlobalSection(ProjectConfigurationPlatforms) = postSolution
		{02053B2E-BD2B-4EB5-89CD-FD0C8905D3C0}.Debug|Any CPU.ActiveCfg = Debug|Any CPU
		{02053B2E-BD2B-4EB5-89CD-FD0C8905D3C0}.Debug|Any CPU.Build.0 = Debug|Any CPU
		{02053B2E-BD2B-4EB5-89CD-FD0C8905D3C0}.Debug|x64.ActiveCfg = Debug|Any CPU
		{02053B2E-BD2B-4EB5-89CD-FD0C8905D3C0}.Debug|x64.Build.0 = Debug|Any CPU
		{02053B2E-BD2B-4EB5-89CD-FD0C8905D3C0}.Debug|x86.ActiveCfg = Debug|Any CPU
		{02053B2E-BD2B-4EB5-89CD-FD0C8905D3C0}.Debug|x86.Build.0 = Debug|Any CPU
		{02053B2E-BD2B-4EB5-89CD-FD0C8905D3C0}.Release|Any CPU.ActiveCfg = Release|Any CPU
		{02053B2E-BD2B-4EB5-89CD-FD0C8905D3C0}.Release|Any CPU.Build.0 = Release|Any CPU
		{02053B2E-BD2B-4EB5-89CD-FD0C8905D3C0}.Release|x64.ActiveCfg = Release|Any CPU
		{02053B2E-BD2B-4EB5-89CD-FD0C8905D3C0}.Release|x64.Build.0 = Release|Any CPU
		{02053B2E-BD2B-4EB5-89CD-FD0C8905D3C0}.Release|x86.ActiveCfg = Release|Any CPU
		{02053B2E-BD2B-4EB5-89CD-FD0C8905D3C0}.Release|x86.Build.0 = Release|Any CPU
		{60A4D6E8-6CCE-4E24-BD8E-CC52AA1BF3D7}.Debug|Any CPU.ActiveCfg = Debug|Any CPU
		{60A4D6E8-6CCE-4E24-BD8E-CC52AA1BF3D7}.Debug|Any CPU.Build.0 = Debug|Any CPU
		{60A4D6E8-6CCE-4E24-BD8E-CC52AA1BF3D7}.Debug|x64.ActiveCfg = Debug|Any CPU
		{60A4D6E8-6CCE-4E24-BD8E-CC52AA1BF3D7}.Debug|x64.Build.0 = Debug|Any CPU
		{60A4D6E8-6CCE-4E24-BD8E-CC52AA1BF3D7}.Debug|x86.ActiveCfg = Debug|Any CPU
		{60A4D6E8-6CCE-4E24-BD8E-CC52AA1BF3D7}.Debug|x86.Build.0 = Debug|Any CPU
		{60A4D6E8-6CCE-4E24-BD8E-CC52AA1BF3D7}.Release|Any CPU.ActiveCfg = Release|Any CPU
		{60A4D6E8-6CCE-4E24-BD8E-CC52AA1BF3D7}.Release|Any CPU.Build.0 = Release|Any CPU
		{60A4D6E8-6CCE-4E24-BD8E-CC52AA1BF3D7}.Release|x64.ActiveCfg = Release|Any CPU
		{60A4D6E8-6CCE-4E24-BD8E-CC52AA1BF3D7}.Release|x64.Build.0 = Release|Any CPU
		{60A4D6E8-6CCE-4E24-BD8E-CC52AA1BF3D7}.Release|x86.ActiveCfg = Release|Any CPU
		{60A4D6E8-6CCE-4E24-BD8E-CC52AA1BF3D7}.Release|x86.Build.0 = Release|Any CPU
		{1ACA4FBF-D357-47CC-B3EC-E890A5243809}.Debug|Any CPU.ActiveCfg = Debug|Any CPU
		{1ACA4FBF-D357-47CC-B3EC-E890A5243809}.Debug|Any CPU.Build.0 = Debug|Any CPU
		{1ACA4FBF-D357-47CC-B3EC-E890A5243809}.Debug|x64.ActiveCfg = Debug|Any CPU
		{1ACA4FBF-D357-47CC-B3EC-E890A5243809}.Debug|x64.Build.0 = Debug|Any CPU
		{1ACA4FBF-D357-47CC-B3EC-E890A5243809}.Debug|x86.ActiveCfg = Debug|Any CPU
		{1ACA4FBF-D357-47CC-B3EC-E890A5243809}.Debug|x86.Build.0 = Debug|Any CPU
		{1ACA4FBF-D357-47CC-B3EC-E890A5243809}.Release|Any CPU.ActiveCfg = Release|Any CPU
		{1ACA4FBF-D357-47CC-B3EC-E890A5243809}.Release|Any CPU.Build.0 = Release|Any CPU
		{1ACA4FBF-D357-47CC-B3EC-E890A5243809}.Release|x64.ActiveCfg = Release|Any CPU
		{1ACA4FBF-D357-47CC-B3EC-E890A5243809}.Release|x64.Build.0 = Release|Any CPU
		{1ACA4FBF-D357-47CC-B3EC-E890A5243809}.Release|x86.ActiveCfg = Release|Any CPU
		{1ACA4FBF-D357-47CC-B3EC-E890A5243809}.Release|x86.Build.0 = Release|Any CPU
		{84B779AB-9782-4D93-B4FB-7EB47E44BC66}.Debug|Any CPU.ActiveCfg = Debug|Any CPU
		{84B779AB-9782-4D93-B4FB-7EB47E44BC66}.Debug|Any CPU.Build.0 = Debug|Any CPU
		{84B779AB-9782-4D93-B4FB-7EB47E44BC66}.Debug|x64.ActiveCfg = Debug|Any CPU
		{84B779AB-9782-4D93-B4FB-7EB47E44BC66}.Debug|x64.Build.0 = Debug|Any CPU
		{84B779AB-9782-4D93-B4FB-7EB47E44BC66}.Debug|x86.ActiveCfg = Debug|Any CPU
		{84B779AB-9782-4D93-B4FB-7EB47E44BC66}.Debug|x86.Build.0 = Debug|Any CPU
		{84B779AB-9782-4D93-B4FB-7EB47E44BC66}.Release|Any CPU.ActiveCfg = Release|Any CPU
		{84B779AB-9782-4D93-B4FB-7EB47E44BC66}.Release|Any CPU.Build.0 = Release|Any CPU
		{84B779AB-9782-4D93-B4FB-7EB47E44BC66}.Release|x64.ActiveCfg = Release|Any CPU
		{84B779AB-9782-4D93-B4FB-7EB47E44BC66}.Release|x64.Build.0 = Release|Any CPU
		{84B779AB-9782-4D93-B4FB-7EB47E44BC66}.Release|x86.ActiveCfg = Release|Any CPU
		{84B779AB-9782-4D93-B4FB-7EB47E44BC66}.Release|x86.Build.0 = Release|Any CPU
	EndGlobalSection
	GlobalSection(SolutionProperties) = preSolution
		HideSolutionNode = FALSE
	EndGlobalSection
	GlobalSection(NestedProjects) = preSolution
		{02053B2E-BD2B-4EB5-89CD-FD0C8905D3C0} = {827E0CD3-B72D-47B6-A68D-7590B98EB39B}
		{60A4D6E8-6CCE-4E24-BD8E-CC52AA1BF3D7} = {827E0CD3-B72D-47B6-A68D-7590B98EB39B}
		{1ACA4FBF-D357-47CC-B3EC-E890A5243809} = {827E0CD3-B72D-47B6-A68D-7590B98EB39B}
		{84B779AB-9782-4D93-B4FB-7EB47E44BC66} = {827E0CD3-B72D-47B6-A68D-7590B98EB39B}
	EndGlobalSection
EndGlobal
